
Microsoft Visual Studio Solution File, Format Version 12.00
# Visual Studio Version 16
VisualStudioVersion = 16.0.32002.261
MinimumVisualStudioVersion = 10.0.40219.1
Project("{FAE04EC0-301F-11D3-BF4B-00C04F79EFBC}") = "ToDoList", "ToDoList\ToDoList.csproj", "{139B721D-FF72-41BB-860C-BFC9A6806DEC}"
EndProject
Global
	GlobalSection(SolutionConfigurationPlatforms) = preSolution
		Debug|Any CPU = Debug|Any CPU
		Release|Any CPU = Release|Any CPU
	EndGlobalSection
	GlobalSection(ProjectConfigurationPlatforms) = postSolution
		{139B721D-FF72-41BB-860C-BFC9A6806DEC}.Debug|Any CPU.ActiveCfg = Debug|Any CPU
		{139B721D-FF72-41BB-860C-BFC9A6806DEC}.Debug|Any CPU.Build.0 = Debug|Any CPU
		{139B721D-FF72-41BB-860C-BFC9A6806DEC}.Release|Any CPU.ActiveCfg = Release|Any CPU
		{139B721D-FF72-41BB-860C-BFC9A6806DEC}.Release|Any CPU.Build.0 = Release|Any CPU
	EndGlobalSection
	GlobalSection(SolutionProperties) = preSolution
		HideSolutionNode = FALSE
	EndGlobalSection
	GlobalSection(ExtensibilityGlobals) = postSolution
		SolutionGuid = {83335B95-E574-4574-AB5E-1E550D7D74AC}
	EndGlobalSection
EndGlobal
